{
  "meteor": {},
  "dependencies": {
    "basePackages": {
      "GAnalytics": {}
    },
    "packages": {
      "GAnalytics": {
        "git": "https://github.com/datariot/meteor-ganalytics.git",
        "tag": "v0.1.1",
        "commit": "91b19d37687bb2cd7976fb43b482143a53509d7e"
      }
    }
  }
}
